
Microsoft Visual Studio Solution File, Format Version 12.00
# Visual Studio Version 17
VisualStudioVersion = 17.9.34616.47
MinimumVisualStudioVersion = 10.0.40219.1
Project("{FAE04EC0-301F-11D3-BF4B-00C04F79EFBC}") = "Banco de Problemas", "Banco de Problemas\Banco de Problemas.csproj", "{9B50FB82-2680-4274-BE30-664B09CE6649}"
EndProject
Global
	GlobalSection(SolutionConfigurationPlatforms) = preSolution
		Debug|Any CPU = Debug|Any CPU
		Release|Any CPU = Release|Any CPU
	EndGlobalSection
	GlobalSection(ProjectConfigurationPlatforms) = postSolution
		{9B50FB82-2680-4274-BE30-664B09CE6649}.Debug|Any CPU.ActiveCfg = Debug|Any CPU
		{9B50FB82-2680-4274-BE30-664B09CE6649}.Debug|Any CPU.Build.0 = Debug|Any CPU
		{9B50FB82-2680-4274-BE30-664B09CE6649}.Release|Any CPU.ActiveCfg = Release|Any CPU
		{9B50FB82-2680-4274-BE30-664B09CE6649}.Release|Any CPU.Build.0 = Release|Any CPU
	EndGlobalSection
	GlobalSection(SolutionProperties) = preSolution
		HideSolutionNode = FALSE
	EndGlobalSection
	GlobalSection(ExtensibilityGlobals) = postSolution
		SolutionGuid = {6322C0BA-CFB6-459A-97FF-9F35A9A51CB5}
	EndGlobalSection
EndGlobal
