
Microsoft Visual Studio Solution File, Format Version 12.00
# Visual Studio Version 17
VisualStudioVersion = 17.9.34622.214
MinimumVisualStudioVersion = 10.0.40219.1
Project("{FAE04EC0-301F-11D3-BF4B-00C04F79EFBC}") = "Listas y Array", "Listas y Array.csproj", "{11656D14-4210-462C-B551-040112EBFD26}"
EndProject
Global
	GlobalSection(SolutionConfigurationPlatforms) = preSolution
		Debug|Any CPU = Debug|Any CPU
		Release|Any CPU = Release|Any CPU
	EndGlobalSection
	GlobalSection(ProjectConfigurationPlatforms) = postSolution
		{11656D14-4210-462C-B551-040112EBFD26}.Debug|Any CPU.ActiveCfg = Debug|Any CPU
		{11656D14-4210-462C-B551-040112EBFD26}.Debug|Any CPU.Build.0 = Debug|Any CPU
		{11656D14-4210-462C-B551-040112EBFD26}.Release|Any CPU.ActiveCfg = Release|Any CPU
		{11656D14-4210-462C-B551-040112EBFD26}.Release|Any CPU.Build.0 = Release|Any CPU
	EndGlobalSection
	GlobalSection(SolutionProperties) = preSolution
		HideSolutionNode = FALSE
	EndGlobalSection
	GlobalSection(ExtensibilityGlobals) = postSolution
		SolutionGuid = {6185645F-2070-4936-8ADD-1B762F558A9A}
	EndGlobalSection
EndGlobal
